
Microsoft Visual Studio Solution File, Format Version 12.00
# Visual Studio Version 17
VisualStudioVersion = 17.11.35222.181
MinimumVisualStudioVersion = 10.0.40219.1
Project("{FAE04EC0-301F-11D3-BF4B-00C04F79EFBC}") = "ZombieGame", "ZombieGame\ZombieGame.csproj", "{B4CDF198-DA46-498C-9CAC-491FE32F15C3}"
EndProject
Global
	GlobalSection(SolutionConfigurationPlatforms) = preSolution
		Debug|Any CPU = Debug|Any CPU
		Release|Any CPU = Release|Any CPU
	EndGlobalSection
	GlobalSection(ProjectConfigurationPlatforms) = postSolution
		{B4CDF198-DA46-498C-9CAC-491FE32F15C3}.Debug|Any CPU.ActiveCfg = Debug|Any CPU
		{B4CDF198-DA46-498C-9CAC-491FE32F15C3}.Debug|Any CPU.Build.0 = Debug|Any CPU
		{B4CDF198-DA46-498C-9CAC-491FE32F15C3}.Release|Any CPU.ActiveCfg = Release|Any CPU
		{B4CDF198-DA46-498C-9CAC-491FE32F15C3}.Release|Any CPU.Build.0 = Release|Any CPU
	EndGlobalSection
	GlobalSection(SolutionProperties) = preSolution
		HideSolutionNode = FALSE
	EndGlobalSection
	GlobalSection(ExtensibilityGlobals) = postSolution
		SolutionGuid = {8903C156-079F-48AB-9952-70FF65109056}
	EndGlobalSection
EndGlobal
